
Microsoft Visual Studio Solution File, Format Version 12.00
# Visual Studio Version 17
VisualStudioVersion = 17.3.32929.385
MinimumVisualStudioVersion = 10.0.40219.1
Project("{9A19103F-16F7-4668-BE54-9A1E7A4F7556}") = "BulkyBookWeb", "BulkyBookWeb\BulkyBookWeb.csproj", "{B7678502-05C0-4A4D-A6AB-A54460BF3BAC}"
EndProject
Project("{9A19103F-16F7-4668-BE54-9A1E7A4F7556}") = "BulkyBook.DataAccess", "BulkyBook.DataAccess\BulkyBook.DataAccess.csproj", "{BCED0217-9A05-40CC-88C2-AE703B569424}"
EndProject
Project("{9A19103F-16F7-4668-BE54-9A1E7A4F7556}") = "BulkyBook.Models", "BulkyBook.Models\BulkyBook.Models.csproj", "{4E6F86B6-8F3B-4FD1-A857-B99479156757}"
EndProject
Project("{9A19103F-16F7-4668-BE54-9A1E7A4F7556}") = "BulkyBook.Utility", "BulkyBook.Utility\BulkyBook.Utility.csproj", "{E6EB5B97-D9D6-4316-ADDB-E5B860F3B185}"
EndProject
Global
	GlobalSection(SolutionConfigurationPlatforms) = preSolution
		Debug|Any CPU = Debug|Any CPU
		Release|Any CPU = Release|Any CPU
	EndGlobalSection
	GlobalSection(ProjectConfigurationPlatforms) = postSolution
		{B7678502-05C0-4A4D-A6AB-A54460BF3BAC}.Debug|Any CPU.ActiveCfg = Debug|Any CPU
		{B7678502-05C0-4A4D-A6AB-A54460BF3BAC}.Debug|Any CPU.Build.0 = Debug|Any CPU
		{B7678502-05C0-4A4D-A6AB-A54460BF3BAC}.Release|Any CPU.ActiveCfg = Release|Any CPU
		{B7678502-05C0-4A4D-A6AB-A54460BF3BAC}.Release|Any CPU.Build.0 = Release|Any CPU
		{BCED0217-9A05-40CC-88C2-AE703B569424}.Debug|Any CPU.ActiveCfg = Debug|Any CPU
		{BCED0217-9A05-40CC-88C2-AE703B569424}.Debug|Any CPU.Build.0 = Debug|Any CPU
		{BCED0217-9A05-40CC-88C2-AE703B569424}.Release|Any CPU.ActiveCfg = Release|Any CPU
		{BCED0217-9A05-40CC-88C2-AE703B569424}.Release|Any CPU.Build.0 = Release|Any CPU
		{4E6F86B6-8F3B-4FD1-A857-B99479156757}.Debug|Any CPU.ActiveCfg = Debug|Any CPU
		{4E6F86B6-8F3B-4FD1-A857-B99479156757}.Debug|Any CPU.Build.0 = Debug|Any CPU
		{4E6F86B6-8F3B-4FD1-A857-B99479156757}.Release|Any CPU.ActiveCfg = Release|Any CPU
		{4E6F86B6-8F3B-4FD1-A857-B99479156757}.Release|Any CPU.Build.0 = Release|Any CPU
		{E6EB5B97-D9D6-4316-ADDB-E5B860F3B185}.Debug|Any CPU.ActiveCfg = Debug|Any CPU
		{E6EB5B97-D9D6-4316-ADDB-E5B860F3B185}.Debug|Any CPU.Build.0 = Debug|Any CPU
		{E6EB5B97-D9D6-4316-ADDB-E5B860F3B185}.Release|Any CPU.ActiveCfg = Release|Any CPU
		{E6EB5B97-D9D6-4316-ADDB-E5B860F3B185}.Release|Any CPU.Build.0 = Release|Any CPU
	EndGlobalSection
	GlobalSection(SolutionProperties) = preSolution
		HideSolutionNode = FALSE
	EndGlobalSection
	GlobalSection(ExtensibilityGlobals) = postSolution
		SolutionGuid = {7EAE1CFE-8CB5-44AC-BD63-0B8F218D746D}
	EndGlobalSection
EndGlobal
