
Microsoft Visual Studio Solution File, Format Version 12.00
# Visual Studio Version 17
VisualStudioVersion = 17.3.32929.385
MinimumVisualStudioVersion = 10.0.40219.1
Project("{9A19103F-16F7-4668-BE54-9A1E7A4F7556}") = "BulkyBookWeb", "BulkyBookWeb\BulkyBookWeb.csproj", "{B7678502-05C0-4A4D-A6AB-A54460BF3BAC}"
EndProject
Project("{FAE04EC0-301F-11D3-BF4B-00C04F79EFBC}") = "DataAccess", "DataAccess\DataAccess.csproj", "{C96B697B-D7A1-4FFC-A86D-1AA1FEBE86BC}"
EndProject
Project("{FAE04EC0-301F-11D3-BF4B-00C04F79EFBC}") = "Models", "Models\Models.csproj", "{55FA2A3E-DDBC-4EC7-8FC3-F369A49D3528}"
EndProject
Project("{FAE04EC0-301F-11D3-BF4B-00C04F79EFBC}") = "Utility", "Utility\Utility.csproj", "{4B329ED1-6B1E-4CE1-899A-D853D641422D}"
EndProject
Global
	GlobalSection(SolutionConfigurationPlatforms) = preSolution
		Debug|Any CPU = Debug|Any CPU
		Release|Any CPU = Release|Any CPU
	EndGlobalSection
	GlobalSection(ProjectConfigurationPlatforms) = postSolution
		{B7678502-05C0-4A4D-A6AB-A54460BF3BAC}.Debug|Any CPU.ActiveCfg = Debug|Any CPU
		{B7678502-05C0-4A4D-A6AB-A54460BF3BAC}.Debug|Any CPU.Build.0 = Debug|Any CPU
		{B7678502-05C0-4A4D-A6AB-A54460BF3BAC}.Release|Any CPU.ActiveCfg = Release|Any CPU
		{B7678502-05C0-4A4D-A6AB-A54460BF3BAC}.Release|Any CPU.Build.0 = Release|Any CPU
		{C96B697B-D7A1-4FFC-A86D-1AA1FEBE86BC}.Debug|Any CPU.ActiveCfg = Debug|Any CPU
		{C96B697B-D7A1-4FFC-A86D-1AA1FEBE86BC}.Debug|Any CPU.Build.0 = Debug|Any CPU
		{C96B697B-D7A1-4FFC-A86D-1AA1FEBE86BC}.Release|Any CPU.ActiveCfg = Release|Any CPU
		{C96B697B-D7A1-4FFC-A86D-1AA1FEBE86BC}.Release|Any CPU.Build.0 = Release|Any CPU
		{55FA2A3E-DDBC-4EC7-8FC3-F369A49D3528}.Debug|Any CPU.ActiveCfg = Debug|Any CPU
		{55FA2A3E-DDBC-4EC7-8FC3-F369A49D3528}.Debug|Any CPU.Build.0 = Debug|Any CPU
		{55FA2A3E-DDBC-4EC7-8FC3-F369A49D3528}.Release|Any CPU.ActiveCfg = Release|Any CPU
		{55FA2A3E-DDBC-4EC7-8FC3-F369A49D3528}.Release|Any CPU.Build.0 = Release|Any CPU
		{4B329ED1-6B1E-4CE1-899A-D853D641422D}.Debug|Any CPU.ActiveCfg = Debug|Any CPU
		{4B329ED1-6B1E-4CE1-899A-D853D641422D}.Debug|Any CPU.Build.0 = Debug|Any CPU
		{4B329ED1-6B1E-4CE1-899A-D853D641422D}.Release|Any CPU.ActiveCfg = Release|Any CPU
		{4B329ED1-6B1E-4CE1-899A-D853D641422D}.Release|Any CPU.Build.0 = Release|Any CPU
	EndGlobalSection
	GlobalSection(SolutionProperties) = preSolution
		HideSolutionNode = FALSE
	EndGlobalSection
	GlobalSection(ExtensibilityGlobals) = postSolution
		SolutionGuid = {7EAE1CFE-8CB5-44AC-BD63-0B8F218D746D}
	EndGlobalSection
EndGlobal
